
Microsoft Visual Studio Solution File, Format Version 12.00
# Visual Studio Version 16
VisualStudioVersion = 16.0.29409.12
MinimumVisualStudioVersion = 10.0.40219.1
Project("{FAE04EC0-301F-11D3-BF4B-00C04F79EFBC}") = "CreateNamedPope", "CreateNamedPope\CreateNamedPope.csproj", "{B8A939C2-6CFC-4B37-95B2-5FD5B35FA525}"
EndProject
Global
	GlobalSection(SolutionConfigurationPlatforms) = preSolution
		Debug|Any CPU = Debug|Any CPU
		Release|Any CPU = Release|Any CPU
	EndGlobalSection
	GlobalSection(ProjectConfigurationPlatforms) = postSolution
		{B8A939C2-6CFC-4B37-95B2-5FD5B35FA525}.Debug|Any CPU.ActiveCfg = Debug|Any CPU
		{B8A939C2-6CFC-4B37-95B2-5FD5B35FA525}.Debug|Any CPU.Build.0 = Debug|Any CPU
		{B8A939C2-6CFC-4B37-95B2-5FD5B35FA525}.Release|Any CPU.ActiveCfg = Release|Any CPU
		{B8A939C2-6CFC-4B37-95B2-5FD5B35FA525}.Release|Any CPU.Build.0 = Release|Any CPU
	EndGlobalSection
	GlobalSection(SolutionProperties) = preSolution
		HideSolutionNode = FALSE
	EndGlobalSection
	GlobalSection(ExtensibilityGlobals) = postSolution
		SolutionGuid = {72F8366B-FC4C-47AD-ACC3-61AC91DE863A}
	EndGlobalSection
EndGlobal
