
Microsoft Visual Studio Solution File, Format Version 12.00
# Visual Studio Version 16
VisualStudioVersion = 16.0.30717.126
MinimumVisualStudioVersion = 10.0.40219.1
Project("{FAE04EC0-301F-11D3-BF4B-00C04F79EFBC}") = "ConsoleApp1", "ConsoleApp1\ConsoleApp1.csproj", "{8522AF12-0E8E-476E-B258-79009065644A}"
EndProject
Project("{FAE04EC0-301F-11D3-BF4B-00C04F79EFBC}") = "ClassLibrary1", "ClassLibrary1\ClassLibrary1.csproj", "{7FB098C2-21E2-495D-92BF-C7593AA8452B}"
EndProject
Global
	GlobalSection(SolutionConfigurationPlatforms) = preSolution
		Debug|Any CPU = Debug|Any CPU
		Debug|x86 = Debug|x86
		Release|Any CPU = Release|Any CPU
		Release|x86 = Release|x86
	EndGlobalSection
	GlobalSection(ProjectConfigurationPlatforms) = postSolution
		{8522AF12-0E8E-476E-B258-79009065644A}.Debug|Any CPU.ActiveCfg = Debug|Any CPU
		{8522AF12-0E8E-476E-B258-79009065644A}.Debug|Any CPU.Build.0 = Debug|Any CPU
		{8522AF12-0E8E-476E-B258-79009065644A}.Debug|x86.ActiveCfg = Debug|x86
		{8522AF12-0E8E-476E-B258-79009065644A}.Debug|x86.Build.0 = Debug|x86
		{8522AF12-0E8E-476E-B258-79009065644A}.Release|Any CPU.ActiveCfg = Release|Any CPU
		{8522AF12-0E8E-476E-B258-79009065644A}.Release|Any CPU.Build.0 = Release|Any CPU
		{8522AF12-0E8E-476E-B258-79009065644A}.Release|x86.ActiveCfg = Release|x86
		{8522AF12-0E8E-476E-B258-79009065644A}.Release|x86.Build.0 = Release|x86
		{7FB098C2-21E2-495D-92BF-C7593AA8452B}.Debug|Any CPU.ActiveCfg = Debug|Any CPU
		{7FB098C2-21E2-495D-92BF-C7593AA8452B}.Debug|Any CPU.Build.0 = Debug|Any CPU
		{7FB098C2-21E2-495D-92BF-C7593AA8452B}.Debug|x86.ActiveCfg = Debug|x86
		{7FB098C2-21E2-495D-92BF-C7593AA8452B}.Debug|x86.Build.0 = Debug|x86
		{7FB098C2-21E2-495D-92BF-C7593AA8452B}.Release|Any CPU.ActiveCfg = Release|Any CPU
		{7FB098C2-21E2-495D-92BF-C7593AA8452B}.Release|Any CPU.Build.0 = Release|Any CPU
		{7FB098C2-21E2-495D-92BF-C7593AA8452B}.Release|x86.ActiveCfg = Release|x86
		{7FB098C2-21E2-495D-92BF-C7593AA8452B}.Release|x86.Build.0 = Release|x86
	EndGlobalSection
	GlobalSection(SolutionProperties) = preSolution
		HideSolutionNode = FALSE
	EndGlobalSection
	GlobalSection(ExtensibilityGlobals) = postSolution
		SolutionGuid = {2D219F2C-60EE-49A9-B6F4-87FFB931B0AB}
	EndGlobalSection
EndGlobal
