
Microsoft Visual Studio Solution File, Format Version 12.00
# Visual Studio Version 16
VisualStudioVersion = 16.0.30717.126
MinimumVisualStudioVersion = 10.0.40219.1
Project("{FAE04EC0-301F-11D3-BF4B-00C04F79EFBC}") = "helper", "helper\helper.csproj", "{5A7F2B25-8A70-4D8F-86AA-8DF4655AE1A1}"
EndProject
Global
	GlobalSection(SolutionConfigurationPlatforms) = preSolution
		Debug|Any CPU = Debug|Any CPU
		Release|Any CPU = Release|Any CPU
	EndGlobalSection
	GlobalSection(ProjectConfigurationPlatforms) = postSolution
		{5A7F2B25-8A70-4D8F-86AA-8DF4655AE1A1}.Debug|Any CPU.ActiveCfg = Debug|Any CPU
		{5A7F2B25-8A70-4D8F-86AA-8DF4655AE1A1}.Debug|Any CPU.Build.0 = Debug|Any CPU
		{5A7F2B25-8A70-4D8F-86AA-8DF4655AE1A1}.Release|Any CPU.ActiveCfg = Release|Any CPU
		{5A7F2B25-8A70-4D8F-86AA-8DF4655AE1A1}.Release|Any CPU.Build.0 = Release|Any CPU
	EndGlobalSection
	GlobalSection(SolutionProperties) = preSolution
		HideSolutionNode = FALSE
	EndGlobalSection
	GlobalSection(ExtensibilityGlobals) = postSolution
		SolutionGuid = {8F552369-11D8-4B8A-9AEF-3D2A9F5DCE98}
	EndGlobalSection
EndGlobal
